# @generated by Move, please check-in and do not edit manually.

[move]
version = 3
manifest_digest = "32B855103D11CBBA9C09F89CB7DAF6EBACBFA6A9A2E18DDDDA0AA54C97641249"
deps_digest = "F8BBB0CCB2491CA29A3DF03D6F92277A4F3574266507ACD77214D37ECA3F3082"
dependencies = [
  { id = "Sui", name = "Sui" },
]

[[move.package]]
id = "MoveStdlib"
source = { git = "https://github.com/MystenLabs/sui.git", rev = "framework/testnet", subdir = "crates\\sui-framework\\packages\\move-stdlib" }

[[move.package]]
id = "Sui"
source = { git = "https://github.com/MystenLabs/sui.git", rev = "framework/testnet", subdir = "crates/sui-framework/packages/sui-framework" }

dependencies = [
  { id = "MoveStdlib", name = "MoveStdlib" },
]

[move.toolchain-version]
compiler-version = "1.61.2"
edition = "2024.beta"
flavor = "sui"

[env]

[env.testnet]
chain-id = "4c78adac"
original-published-id = "0xe11bf10823d9e2931258ac5e5ffc11e273c2b2a1902d48953c94bc8cfb381e0a"
latest-published-id = "0xe11bf10823d9e2931258ac5e5ffc11e273c2b2a1902d48953c94bc8cfb381e0a"
published-version = "1"
